
Microsoft Visual Studio Solution File, Format Version 12.00
# Visual Studio 15
VisualStudioVersion = 15.0.27004.2002
MinimumVisualStudioVersion = 10.0.40219.1
Project("{9A19103F-16F7-4668-BE54-9A1E7A4F7556}") = "0101-Bank-Account", "0101-Bank-Account\0101-Bank-Account.csproj", "{A5E39760-8EAC-4C0C-8219-273BDDA58E49}"
EndProject
Project("{9A19103F-16F7-4668-BE54-9A1E7A4F7556}") = "0102-Bank-Account-Methods", "0102-Bank-Account-Methods\0102-Bank-Account-Methods.csproj", "{B31A97B6-3D80-4A8E-A85A-CDF39A7E2A29}"
EndProject
Project("{FAE04EC0-301F-11D3-BF4B-00C04F79EFBC}") = "0103-Test-Client", "0103-Test-Client\0103-Test-Client.csproj", "{F46F9AEC-BBDE-4E76-9DD2-2E691EC8C745}"
EndProject
Project("{FAE04EC0-301F-11D3-BF4B-00C04F79EFBC}") = "0104-Person-Class", "0104-Person-Class\0104-Person-Class.csproj", "{65FE02DF-1875-41C8-8822-B420C0E34F41}"
EndProject
Global
	GlobalSection(SolutionConfigurationPlatforms) = preSolution
		Debug|Any CPU = Debug|Any CPU
		Release|Any CPU = Release|Any CPU
	EndGlobalSection
	GlobalSection(ProjectConfigurationPlatforms) = postSolution
		{A5E39760-8EAC-4C0C-8219-273BDDA58E49}.Debug|Any CPU.ActiveCfg = Debug|Any CPU
		{A5E39760-8EAC-4C0C-8219-273BDDA58E49}.Debug|Any CPU.Build.0 = Debug|Any CPU
		{A5E39760-8EAC-4C0C-8219-273BDDA58E49}.Release|Any CPU.ActiveCfg = Release|Any CPU
		{A5E39760-8EAC-4C0C-8219-273BDDA58E49}.Release|Any CPU.Build.0 = Release|Any CPU
		{B31A97B6-3D80-4A8E-A85A-CDF39A7E2A29}.Debug|Any CPU.ActiveCfg = Debug|Any CPU
		{B31A97B6-3D80-4A8E-A85A-CDF39A7E2A29}.Debug|Any CPU.Build.0 = Debug|Any CPU
		{B31A97B6-3D80-4A8E-A85A-CDF39A7E2A29}.Release|Any CPU.ActiveCfg = Release|Any CPU
		{B31A97B6-3D80-4A8E-A85A-CDF39A7E2A29}.Release|Any CPU.Build.0 = Release|Any CPU
		{F46F9AEC-BBDE-4E76-9DD2-2E691EC8C745}.Debug|Any CPU.ActiveCfg = Debug|Any CPU
		{F46F9AEC-BBDE-4E76-9DD2-2E691EC8C745}.Debug|Any CPU.Build.0 = Debug|Any CPU
		{F46F9AEC-BBDE-4E76-9DD2-2E691EC8C745}.Release|Any CPU.ActiveCfg = Release|Any CPU
		{F46F9AEC-BBDE-4E76-9DD2-2E691EC8C745}.Release|Any CPU.Build.0 = Release|Any CPU
		{65FE02DF-1875-41C8-8822-B420C0E34F41}.Debug|Any CPU.ActiveCfg = Debug|Any CPU
		{65FE02DF-1875-41C8-8822-B420C0E34F41}.Debug|Any CPU.Build.0 = Debug|Any CPU
		{65FE02DF-1875-41C8-8822-B420C0E34F41}.Release|Any CPU.ActiveCfg = Release|Any CPU
		{65FE02DF-1875-41C8-8822-B420C0E34F41}.Release|Any CPU.Build.0 = Release|Any CPU
	EndGlobalSection
	GlobalSection(SolutionProperties) = preSolution
		HideSolutionNode = FALSE
	EndGlobalSection
	GlobalSection(ExtensibilityGlobals) = postSolution
		SolutionGuid = {3AF6B0CD-441A-4DC6-8D8C-36D3BA235674}
	EndGlobalSection
EndGlobal
