
Microsoft Visual Studio Solution File, Format Version 12.00
# Visual Studio 15
VisualStudioVersion = 15.0.27004.2002
MinimumVisualStudioVersion = 10.0.40219.1
Project("{9A19103F-16F7-4668-BE54-9A1E7A4F7556}") = "0501-Define-an-Interface-IPerson", "0501-Define-an-Interface-IPerson\0501-Define-an-Interface-IPerson.csproj", "{7EFCFF29-5E64-4392-9D71-3976C39E507F}"
EndProject
Project("{9A19103F-16F7-4668-BE54-9A1E7A4F7556}") = "0502-Multiple-Implementation", "0502-Multiple-Implementation\0502-Multiple-Implementation.csproj", "{38736244-B5B6-432A-91E5-458CC281ECAF}"
EndProject
Project("{9A19103F-16F7-4668-BE54-9A1E7A4F7556}") = "0503-Ferrari", "0503-Ferrari\0503-Ferrari.csproj", "{016B80FE-2168-4FDE-98AA-D7133A8221D3}"
EndProject
Project("{9A19103F-16F7-4668-BE54-9A1E7A4F7556}") = "0504-Telephony", "0504-Telephony\0504-Telephony.csproj", "{B12DBA67-4AD8-4402-ADC4-D74BF8358D7C}"
EndProject
Project("{9A19103F-16F7-4668-BE54-9A1E7A4F7556}") = "0505-Border-Control", "0505-Border-Control\0505-Border-Control.csproj", "{DBFA1C01-ED62-4D10-BB19-82A64EA519F5}"
EndProject
Project("{9A19103F-16F7-4668-BE54-9A1E7A4F7556}") = "0506-Birthday-Celebrations", "0506-Birthday-Celebrations\0506-Birthday-Celebrations.csproj", "{D0FF22D5-5AE2-46D8-A600-A7CDF4E1EDD7}"
EndProject
Project("{9A19103F-16F7-4668-BE54-9A1E7A4F7556}") = "0507-Food-Shrtage", "0507-Food-Shrtage\0507-Food-Shrtage.csproj", "{58591730-F233-4AFE-B381-58D9C2DE675E}"
EndProject
Project("{9A19103F-16F7-4668-BE54-9A1E7A4F7556}") = "0508-Military-Elite", "0508-Military-Elite\0508-Military-Elite.csproj", "{7A4949A8-0BD3-402D-B398-A8B9910D14E5}"
EndProject
Project("{FAE04EC0-301F-11D3-BF4B-00C04F79EFBC}") = "0509-Collection-Hierarchy", "0509-Collection-Hierarchy\0509-Collection-Hierarchy.csproj", "{DD6DAADA-6720-43D8-9CFB-3DBCED151579}"
EndProject
Project("{FAE04EC0-301F-11D3-BF4B-00C04F79EFBC}") = "0510-Explicit-Interfaces", "0510-Explicit-Interfaces\0510-Explicit-Interfaces.csproj", "{C1000B11-C04E-4C76-8657-22C9FE7A4FF1}"
EndProject
Global
	GlobalSection(SolutionConfigurationPlatforms) = preSolution
		Debug|Any CPU = Debug|Any CPU
		Release|Any CPU = Release|Any CPU
	EndGlobalSection
	GlobalSection(ProjectConfigurationPlatforms) = postSolution
		{7EFCFF29-5E64-4392-9D71-3976C39E507F}.Debug|Any CPU.ActiveCfg = Debug|Any CPU
		{7EFCFF29-5E64-4392-9D71-3976C39E507F}.Debug|Any CPU.Build.0 = Debug|Any CPU
		{7EFCFF29-5E64-4392-9D71-3976C39E507F}.Release|Any CPU.ActiveCfg = Release|Any CPU
		{7EFCFF29-5E64-4392-9D71-3976C39E507F}.Release|Any CPU.Build.0 = Release|Any CPU
		{38736244-B5B6-432A-91E5-458CC281ECAF}.Debug|Any CPU.ActiveCfg = Debug|Any CPU
		{38736244-B5B6-432A-91E5-458CC281ECAF}.Debug|Any CPU.Build.0 = Debug|Any CPU
		{38736244-B5B6-432A-91E5-458CC281ECAF}.Release|Any CPU.ActiveCfg = Release|Any CPU
		{38736244-B5B6-432A-91E5-458CC281ECAF}.Release|Any CPU.Build.0 = Release|Any CPU
		{016B80FE-2168-4FDE-98AA-D7133A8221D3}.Debug|Any CPU.ActiveCfg = Debug|Any CPU
		{016B80FE-2168-4FDE-98AA-D7133A8221D3}.Debug|Any CPU.Build.0 = Debug|Any CPU
		{016B80FE-2168-4FDE-98AA-D7133A8221D3}.Release|Any CPU.ActiveCfg = Release|Any CPU
		{016B80FE-2168-4FDE-98AA-D7133A8221D3}.Release|Any CPU.Build.0 = Release|Any CPU
		{B12DBA67-4AD8-4402-ADC4-D74BF8358D7C}.Debug|Any CPU.ActiveCfg = Debug|Any CPU
		{B12DBA67-4AD8-4402-ADC4-D74BF8358D7C}.Debug|Any CPU.Build.0 = Debug|Any CPU
		{B12DBA67-4AD8-4402-ADC4-D74BF8358D7C}.Release|Any CPU.ActiveCfg = Release|Any CPU
		{B12DBA67-4AD8-4402-ADC4-D74BF8358D7C}.Release|Any CPU.Build.0 = Release|Any CPU
		{DBFA1C01-ED62-4D10-BB19-82A64EA519F5}.Debug|Any CPU.ActiveCfg = Debug|Any CPU
		{DBFA1C01-ED62-4D10-BB19-82A64EA519F5}.Debug|Any CPU.Build.0 = Debug|Any CPU
		{DBFA1C01-ED62-4D10-BB19-82A64EA519F5}.Release|Any CPU.ActiveCfg = Release|Any CPU
		{DBFA1C01-ED62-4D10-BB19-82A64EA519F5}.Release|Any CPU.Build.0 = Release|Any CPU
		{D0FF22D5-5AE2-46D8-A600-A7CDF4E1EDD7}.Debug|Any CPU.ActiveCfg = Debug|Any CPU
		{D0FF22D5-5AE2-46D8-A600-A7CDF4E1EDD7}.Debug|Any CPU.Build.0 = Debug|Any CPU
		{D0FF22D5-5AE2-46D8-A600-A7CDF4E1EDD7}.Release|Any CPU.ActiveCfg = Release|Any CPU
		{D0FF22D5-5AE2-46D8-A600-A7CDF4E1EDD7}.Release|Any CPU.Build.0 = Release|Any CPU
		{58591730-F233-4AFE-B381-58D9C2DE675E}.Debug|Any CPU.ActiveCfg = Debug|Any CPU
		{58591730-F233-4AFE-B381-58D9C2DE675E}.Debug|Any CPU.Build.0 = Debug|Any CPU
		{58591730-F233-4AFE-B381-58D9C2DE675E}.Release|Any CPU.ActiveCfg = Release|Any CPU
		{58591730-F233-4AFE-B381-58D9C2DE675E}.Release|Any CPU.Build.0 = Release|Any CPU
		{7A4949A8-0BD3-402D-B398-A8B9910D14E5}.Debug|Any CPU.ActiveCfg = Debug|Any CPU
		{7A4949A8-0BD3-402D-B398-A8B9910D14E5}.Debug|Any CPU.Build.0 = Debug|Any CPU
		{7A4949A8-0BD3-402D-B398-A8B9910D14E5}.Release|Any CPU.ActiveCfg = Release|Any CPU
		{7A4949A8-0BD3-402D-B398-A8B9910D14E5}.Release|Any CPU.Build.0 = Release|Any CPU
		{DD6DAADA-6720-43D8-9CFB-3DBCED151579}.Debug|Any CPU.ActiveCfg = Debug|Any CPU
		{DD6DAADA-6720-43D8-9CFB-3DBCED151579}.Debug|Any CPU.Build.0 = Debug|Any CPU
		{DD6DAADA-6720-43D8-9CFB-3DBCED151579}.Release|Any CPU.ActiveCfg = Release|Any CPU
		{DD6DAADA-6720-43D8-9CFB-3DBCED151579}.Release|Any CPU.Build.0 = Release|Any CPU
		{C1000B11-C04E-4C76-8657-22C9FE7A4FF1}.Debug|Any CPU.ActiveCfg = Debug|Any CPU
		{C1000B11-C04E-4C76-8657-22C9FE7A4FF1}.Debug|Any CPU.Build.0 = Debug|Any CPU
		{C1000B11-C04E-4C76-8657-22C9FE7A4FF1}.Release|Any CPU.ActiveCfg = Release|Any CPU
		{C1000B11-C04E-4C76-8657-22C9FE7A4FF1}.Release|Any CPU.Build.0 = Release|Any CPU
	EndGlobalSection
	GlobalSection(SolutionProperties) = preSolution
		HideSolutionNode = FALSE
	EndGlobalSection
	GlobalSection(ExtensibilityGlobals) = postSolution
		SolutionGuid = {E10D9B1E-94A7-42DF-B63B-37DB7D014740}
	EndGlobalSection
EndGlobal
